// !$*UTF8*$!
{
	archiveVersion = 1;
	classes = {
	};
	objectVersion = 46;
	objects = {

/* Begin PBXBuildFile section */
		214987601B9FB70700FBDF19 /* AppDelegate.swift in Sources */ = {isa = PBXBuildFile; fileRef = 2149875F1B9FB70700FBDF19 /* AppDelegate.swift */; };
		214987621B9FB70700FBDF19 /* RecordSoundViewController.swift in Sources */ = {isa = PBXBuildFile; fileRef = 214987611B9FB70700FBDF19 /* RecordSoundViewController.swift */; };
		214987651B9FB70700FBDF19 /* Main.storyboard in Resources */ = {isa = PBXBuildFile; fileRef = 214987631B9FB70700FBDF19 /* Main.storyboard */; };
		214987671B9FB70700FBDF19 /* Images.xcassets in Resources */ = {isa = PBXBuildFile; fileRef = 214987661B9FB70700FBDF19 /* Images.xcassets */; };
		2149876A1B9FB70700FBDF19 /* LaunchScreen.xib in Resources */ = {isa = PBXBuildFile; fileRef = 214987681B9FB70700FBDF19 /* LaunchScreen.xib */; };
		214987761B9FB70700FBDF19 /* PitchPerfectTests.swift in Sources */ = {isa = PBXBuildFile; fileRef = 214987751B9FB70700FBDF19 /* PitchPerfectTests.swift */; };
		214987801BA27BAE00FBDF19 /* movie_quote.mp3 in Resources */ = {isa = PBXBuildFile; fileRef = 2149877F1BA27BAE00FBDF19 /* movie_quote.mp3 */; };
		214987821BA27DBE00FBDF19 /* PlaySoundsViewController.swift in Sources */ = {isa = PBXBuildFile; fileRef = 214987811BA27DBE00FBDF19 /* PlaySoundsViewController.swift */; };
		214987841BA5298600FBDF19 /* RecordedAudio.swift in Sources */ = {isa = PBXBuildFile; fileRef = 214987831BA5298600FBDF19 /* RecordedAudio.swift */; };
/* End PBXBuildFile section */

/* Begin PBXContainerItemProxy section */
		214987701B9FB70700FBDF19 /* PBXContainerItemProxy */ = {
			isa = PBXContainerItemProxy;
			containerPortal = 214987521B9FB70700FBDF19 /* Project object */;
			proxyType = 1;
			remoteGlobalIDString = 214987591B9FB70700FBDF19;
			remoteInfo = PitchPerfect;
		};
/* End PBXContainerItemProxy section */

/* Begin PBXFileReference section */
		2149875A1B9FB70700FBDF19 /* PitchPerfect.app */ = {isa = PBXFileReference; explicitFileType = wrapper.application; includeInIndex = 0; path = PitchPerfect.app; sourceTree = BUILT_PRODUCTS_DIR; };
		2149875E1B9FB70700FBDF19 /* Info.plist */ = {isa = PBXFileReference; lastKnownFileType = text.plist.xml; path = Info.plist; sourceTree = "<group>"; };
		2149875F1B9FB70700FBDF19 /* AppDelegate.swift */ = {isa = PBXFileReference; lastKnownFileType = sourcecode.swift; path = AppDelegate.swift; sourceTree = "<group>"; };
		214987611B9FB70700FBDF19 /* RecordSoundViewController.swift */ = {isa = PBXFileReference; lastKnownFileType = sourcecode.swift; path = RecordSoundViewController.swift; sourceTree = "<group>"; };
		214987641B9FB70700FBDF19 /* Base */ = {isa = PBXFileReference; lastKnownFileType = file.storyboard; name = Base; path = Base.lproj/Main.storyboard; sourceTree = "<group>"; };
		214987661B9FB70700FBDF19 /* Images.xcassets */ = {isa = PBXFileReference; lastKnownFileType = folder.assetcatalog; path = Images.xcassets; sourceTree = "<group>"; };
		214987691B9FB70700FBDF19 /* Base */ = {isa = PBXFileReference; lastKnownFileType = file.xib; name = Base; path = Base.lproj/LaunchScreen.xib; sourceTree = "<group>"; };
		2149876F1B9FB70700FBDF19 /* PitchPerfectTests.xctest */ = {isa = PBXFileReference; explicitFileType = wrapper.cfbundle; includeInIndex = 0; path = PitchPerfectTests.xctest; sourceTree = BUILT_PRODUCTS_DIR; };
		214987741B9FB70700FBDF19 /* Info.plist */ = {isa = PBXFileReference; lastKnownFileType = text.plist.xml; path = Info.plist; sourceTree = "<group>"; };
		214987751B9FB70700FBDF19 /* PitchPerfectTests.swift */ = {isa = PBXFileReference; lastKnownFileType = sourcecode.swift; path = PitchPerfectTests.swift; sourceTree = "<group>"; };
		2149877F1BA27BAE00FBDF19 /* movie_quote.mp3 */ = {isa = PBXFileReference; lastKnownFileType = audio.mp3; path = movie_quote.mp3; sourceTree = "<group>"; };
		214987811BA27DBE00FBDF19 /* PlaySoundsViewController.swift */ = {isa = PBXFileReference; fileEncoding = 4; lastKnownFileType = sourcecode.swift; path = PlaySoundsViewController.swift; sourceTree = "<group>"; };
		214987831BA5298600FBDF19 /* RecordedAudio.swift */ = {isa = PBXFileReference; fileEncoding = 4; lastKnownFileType = sourcecode.swift; path = RecordedAudio.swift; sourceTree = "<group>"; };
/* End PBXFileReference section */

/* Begin PBXFrameworksBuildPhase section */
		214987571B9FB70700FBDF19 /* Frameworks */ = {
			isa = PBXFrameworksBuildPhase;
			buildActionMask = 2147483647;
			files = (
			);
			runOnlyForDeploymentPostprocessing = 0;
		};
		2149876C1B9FB70700FBDF19 /* Frameworks */ = {
			isa = PBXFrameworksBuildPhase;
			buildActionMask = 2147483647;
			files = (
			);
			runOnlyForDeploymentPostprocessing = 0;
		};
/* End PBXFrameworksBuildPhase section */

/* Begin PBXGroup section */
		214987511B9FB70700FBDF19 = {
			isa = PBXGroup;
			children = (
				2149875C1B9FB70700FBDF19 /* PitchPerfect */,
				214987721B9FB70700FBDF19 /* PitchPerfectTests */,
				2149875B1B9FB70700FBDF19 /* Products */,
			);
			sourceTree = "<group>";
		};
		2149875B1B9FB70700FBDF19 /* Products */ = {
			isa = PBXGroup;
			children = (
				2149875A1B9FB70700FBDF19 /* PitchPerfect.app */,
				2149876F1B9FB70700FBDF19 /* PitchPerfectTests.xctest */,
			);
			name = Products;
			sourceTree = "<group>";
		};
		2149875C1B9FB70700FBDF19 /* PitchPerfect */ = {
			isa = PBXGroup;
			children = (
				2149875F1B9FB70700FBDF19 /* AppDelegate.swift */,
				214987611B9FB70700FBDF19 /* RecordSoundViewController.swift */,
				214987831BA5298600FBDF19 /* RecordedAudio.swift */,
				214987631B9FB70700FBDF19 /* Main.storyboard */,
				214987811BA27DBE00FBDF19 /* PlaySoundsViewController.swift */,
				214987661B9FB70700FBDF19 /* Images.xcassets */,
				214987681B9FB70700FBDF19 /* LaunchScreen.xib */,
				2149875D1B9FB70700FBDF19 /* Supporting Files */,
			);
			path = PitchPerfect;
			sourceTree = "<group>";
		};
		2149875D1B9FB70700FBDF19 /* Supporting Files */ = {
			isa = PBXGroup;
			children = (
				2149877F1BA27BAE00FBDF19 /* movie_quote.mp3 */,
				2149875E1B9FB70700FBDF19 /* Info.plist */,
			);
			name = "Supporting Files";
			sourceTree = "<group>";
		};
		214987721B9FB70700FBDF19 /* PitchPerfectTests */ = {
			isa = PBXGroup;
			children = (
				214987751B9FB70700FBDF19 /* PitchPerfectTests.swift */,
				214987731B9FB70700FBDF19 /* Supporting Files */,
			);
			path = PitchPerfectTests;
			sourceTree = "<group>";
		};
		214987731B9FB70700FBDF19 /* Supporting Files */ = {
			isa = PBXGroup;
			children = (
				214987741B9FB70700FBDF19 /* Info.plist */,
			);
			name = "Supporting Files";
			sourceTree = "<group>";
		};
/* End PBXGroup section */

/* Begin PBXNativeTarget section */
		214987591B9FB70700FBDF19 /* PitchPerfect */ = {
			isa = PBXNativeTarget;
			buildConfigurationList = 214987791B9FB70700FBDF19 /* Build configuration list for PBXNativeTarget "PitchPerfect" */;
			buildPhases = (
				214987561B9FB70700FBDF19 /* Sources */,
				214987571B9FB70700FBDF19 /* Frameworks */,
				214987581B9FB70700FBDF19 /* Resources */,
			);
			buildRules = (
			);
			dependencies = (
			);
			name = PitchPerfect;
			productName = PitchPerfect;
			productReference = 2149875A1B9FB70700FBDF19 /* PitchPerfect.app */;
			productType = "com.apple.product-type.application";
		};
		2149876E1B9FB70700FBDF19 /* PitchPerfectTests */ = {
			isa = PBXNativeTarget;
			buildConfigurationList = 2149877C1B9FB70700FBDF19 /* Build configuration list for PBXNativeTarget "PitchPerfectTests" */;
			buildPhases = (
				2149876B1B9FB70700FBDF19 /* Sources */,
				2149876C1B9FB70700FBDF19 /* Frameworks */,
				2149876D1B9FB70700FBDF19 /* Resources */,
			);
			buildRules = (
			);
			dependencies = (
				214987711B9FB70700FBDF19 /* PBXTargetDependency */,
			);
			name = PitchPerfectTests;
			productName = PitchPerfectTests;
			productReference = 2149876F1B9FB70700FBDF19 /* PitchPerfectTests.xctest */;
			productType = "com.apple.product-type.bundle.unit-test";
		};
/* End PBXNativeTarget section */

/* Begin PBXProject section */
		214987521B9FB70700FBDF19 /* Project object */ = {
			isa = PBXProject;
			attributes = {
				LastSwiftMigration = 0700;
				LastSwiftUpdateCheck = 0700;
				LastUpgradeCheck = 0730;
				ORGANIZATIONNAME = Pratyush;
				TargetAttributes = {
					214987591B9FB70700FBDF19 = {
						CreatedOnToolsVersion = 6.4;
						DevelopmentTeam = X8PS7D35C7;
					};
					2149876E1B9FB70700FBDF19 = {
						CreatedOnToolsVersion = 6.4;
						TestTargetID = 214987591B9FB70700FBDF19;
					};
				};
			};
			buildConfigurationList = 214987551B9FB70700FBDF19 /* Build configuration list for PBXProject "PitchPerfect" */;
			compatibilityVersion = "Xcode 3.2";
			developmentRegion = English;
			hasScannedForEncodings = 0;
			knownRegions = (
				en,
				Base,
			);
			mainGroup = 214987511B9FB70700FBDF19;
			productRefGroup = 2149875B1B9FB70700FBDF19 /* Products */;
			projectDirPath = "";
			projectRoot = "";
			targets = (
				214987591B9FB70700FBDF19 /* PitchPerfect */,
				2149876E1B9FB70700FBDF19 /* PitchPerfectTests */,
			);
		};
/* End PBXProject section */

/* Begin PBXResourcesBuildPhase section */
		214987581B9FB70700FBDF19 /* Resources */ = {
			isa = PBXResourcesBuildPhase;
			buildActionMask = 2147483647;
			files = (
				214987651B9FB70700FBDF19 /* Main.storyboard in Resources */,
				2149876A1B9FB70700FBDF19 /* LaunchScreen.xib in Resources */,
				214987801BA27BAE00FBDF19 /* movie_quote.mp3 in Resources */,
				214987671B9FB70700FBDF19 /* Images.xcassets in Resources */,
			);
			runOnlyForDeploymentPostprocessing = 0;
		};
		2149876D1B9FB70700FBDF19 /* Resources */ = {
			isa = PBXResourcesBuildPhase;
			buildActionMask = 2147483647;
			files = (
			);
			runOnlyForDeploymentPostprocessing = 0;
		};
/* End PBXResourcesBuildPhase section */

/* Begin PBXSourcesBuildPhase section */
		214987561B9FB70700FBDF19 /* Sources */ = {
			isa = PBXSourcesBuildPhase;
			buildActionMask = 2147483647;
			files = (
				214987841BA5298600FBDF19 /* RecordedAudio.swift in Sources */,
				214987621B9FB70700FBDF19 /* RecordSoundViewController.swift in Sources */,
				214987821BA27DBE00FBDF19 /* PlaySoundsViewController.swift in Sources */,
				214987601B9FB70700FBDF19 /* AppDelegate.swift in Sources */,
			);
			runOnlyForDeploymentPostprocessing = 0;
		};
		2149876B1B9FB70700FBDF19 /* Sources */ = {
			isa = PBXSourcesBuildPhase;
			buildActionMask = 2147483647;
			files = (
				214987761B9FB70700FBDF19 /* PitchPerfectTests.swift in Sources */,
			);
			runOnlyForDeploymentPostprocessing = 0;
		};
/* End PBXSourcesBuildPhase section */

/* Begin PBXTargetDependency section */
		214987711B9FB70700FBDF19 /* PBXTargetDependency */ = {
			isa = PBXTargetDependency;
			target = 214987591B9FB70700FBDF19 /* PitchPerfect */;
			targetProxy = 214987701B9FB70700FBDF19 /* PBXContainerItemProxy */;
		};
/* End PBXTargetDependency section */

/* Begin PBXVariantGroup section */
		214987631B9FB70700FBDF19 /* Main.storyboard */ = {
			isa = PBXVariantGroup;
			children = (
				214987641B9FB70700FBDF19 /* Base */,
			);
			name = Main.storyboard;
			sourceTree = "<group>";
		};
		214987681B9FB70700FBDF19 /* LaunchScreen.xib */ = {
			isa = PBXVariantGroup;
			children = (
				214987691B9FB70700FBDF19 /* Base */,
			);
			name = LaunchScreen.xib;
			sourceTree = "<group>";
		};
/* End PBXVariantGroup section */

/* Begin XCBuildConfiguration section */
		214987771B9FB70700FBDF19 /* Debug */ = {
			isa = XCBuildConfiguration;
			buildSettings = {
				ALWAYS_SEARCH_USER_PATHS = NO;
				CLANG_CXX_LANGUAGE_STANDARD = "gnu++0x";
				CLANG_CXX_LIBRARY = "libc++";
				CLANG_ENABLE_MODULES = YES;
				CLANG_ENABLE_OBJC_ARC = YES;
				CLANG_WARN_BOOL_CONVERSION = YES;
				CLANG_WARN_CONSTANT_CONVERSION = YES;
				CLANG_WARN_DIRECT_OBJC_ISA_USAGE = YES_ERROR;
				CLANG_WARN_EMPTY_BODY = YES;
				CLANG_WARN_ENUM_CONVERSION = YES;
				CLANG_WARN_INT_CONVERSION = YES;
				CLANG_WARN_OBJC_ROOT_CLASS = YES_ERROR;
				CLANG_WARN_UNREACHABLE_CODE = YES;
				CLANG_WARN__DUPLICATE_METHOD_MATCH = YES;
				"CODE_SIGN_IDENTITY[sdk=iphoneos*]" = "iPhone Developer";
				COPY_PHASE_STRIP = NO;
				DEBUG_INFORMATION_FORMAT = "dwarf-with-dsym";
				ENABLE_STRICT_OBJC_MSGSEND = YES;
				ENABLE_TESTABILITY = YES;
				GCC_C_LANGUAGE_STANDARD = gnu99;
				GCC_DYNAMIC_NO_PIC = NO;
				GCC_NO_COMMON_BLOCKS = YES;
				GCC_OPTIMIZATION_LEVEL = 0;
				GCC_PREPROCESSOR_DEFINITIONS = (
					"DEBUG=1",
					"$(inherited)",
				);
				GCC_SYMBOLS_PRIVATE_EXTERN = NO;
				GCC_WARN_64_TO_32_BIT_CONVERSION = YES;
				GCC_WARN_ABOUT_RETURN_TYPE = YES_ERROR;
				GCC_WARN_UNDECLARED_SELECTOR = YES;
				GCC_WARN_UNINITIALIZED_AUTOS = YES_AGGRESSIVE;
				GCC_WARN_UNUSED_FUNCTION = YES;
				GCC_WARN_UNUSED_VARIABLE = YES;
				IPHONEOS_DEPLOYMENT_TARGET = 8.4;
				MTL_ENABLE_DEBUG_INFO = YES;
				ONLY_ACTIVE_ARCH = YES;
				SDKROOT = iphoneos;
				SWIFT_OPTIMIZATION_LEVEL = "-Onone";
			};
			name = Debug;
		};
		214987781B9FB70700FBDF19 /* Release */ = {
			isa = XCBuildConfiguration;
			buildSettings = {
				ALWAYS_SEARCH_USER_PATHS = NO;
				CLANG_CXX_LANGUAGE_STANDARD = "gnu++0x";
				CLANG_CXX_LIBRARY = "libc++";
				CLANG_ENABLE_MODULES = YES;
				CLANG_ENABLE_OBJC_ARC = YES;
				CLANG_WARN_BOOL_CONVERSION = YES;
				CLANG_WARN_CONSTANT_CONVERSION = YES;
				CLANG_WARN_DIRECT_OBJC_ISA_USAGE = YES_ERROR;
				CLANG_WARN_EMPTY_BODY = YES;
				CLANG_WARN_ENUM_CONVERSION = YES;
				CLANG_WARN_INT_CONVERSION = YES;
				CLANG_WARN_OBJC_ROOT_CLASS = YES_ERROR;
				CLANG_WARN_UNREACHABLE_CODE = YES;
				CLANG_WARN__DUPLICATE_METHOD_MATCH = YES;
				"CODE_SIGN_IDENTITY[sdk=iphoneos*]" = "iPhone Developer";
				COPY_PHASE_STRIP = NO;
				DEBUG_INFORMATION_FORMAT = "dwarf-with-dsym";
				ENABLE_NS_ASSERTIONS = NO;
				ENABLE_STRICT_OBJC_MSGSEND = YES;
				GCC_C_LANGUAGE_STANDARD = gnu99;
				GCC_NO_COMMON_BLOCKS = YES;
				GCC_WARN_64_TO_32_BIT_CONVERSION = YES;
				GCC_WARN_ABOUT_RETURN_TYPE = YES_ERROR;
				GCC_WARN_UNDECLARED_SELECTOR = YES;
				GCC_WARN_UNINITIALIZED_AUTOS = YES_AGGRESSIVE;
				GCC_WARN_UNUSED_FUNCTION = YES;
				GCC_WARN_UNUSED_VARIABLE = YES;
				IPHONEOS_DEPLOYMENT_TARGET = 8.4;
				MTL_ENABLE_DEBUG_INFO = NO;
				SDKROOT = iphoneos;
				VALIDATE_PRODUCT = YES;
			};
			name = Release;
		};
		2149877A1B9FB70700FBDF19 /* Debug */ = {
			isa = XCBuildConfiguration;
			buildSettings = {
				ASSETCATALOG_COMPILER_APPICON_NAME = AppIcon;
				CODE_SIGN_IDENTITY = "iPhone Developer";
				"CODE_SIGN_IDENTITY[sdk=iphoneos*]" = "iPhone Developer";
				INFOPLIST_FILE = PitchPerfect/Info.plist;
				LD_RUNPATH_SEARCH_PATHS = "$(inherited) @executable_path/Frameworks";
				PRODUCT_BUNDLE_IDENTIFIER = "com.pratyush.$(PRODUCT_NAME:rfc1034identifier)";
				PRODUCT_NAME = "$(TARGET_NAME)";
				PROVISIONING_PROFILE = "";
				TARGETED_DEVICE_FAMILY = 1;
			};
			name = Debug;
		};
		2149877B1B9FB70700FBDF19 /* Release */ = {
			isa = XCBuildConfiguration;
			buildSettings = {
				ASSETCATALOG_COMPILER_APPICON_NAME = AppIcon;
				CODE_SIGN_IDENTITY = "iPhone Developer";
				"CODE_SIGN_IDENTITY[sdk=iphoneos*]" = "iPhone Developer";
				INFOPLIST_FILE = PitchPerfect/Info.plist;
				LD_RUNPATH_SEARCH_PATHS = "$(inherited) @executable_path/Frameworks";
				PRODUCT_BUNDLE_IDENTIFIER = "com.pratyush.$(PRODUCT_NAME:rfc1034identifier)";
				PRODUCT_NAME = "$(TARGET_NAME)";
				PROVISIONING_PROFILE = "";
				TARGETED_DEVICE_FAMILY = 1;
			};
			name = Release;
		};
		2149877D1B9FB70700FBDF19 /* Debug */ = {
			isa = XCBuildConfiguration;
			buildSettings = {
				BUNDLE_LOADER = "$(TEST_HOST)";
				FRAMEWORK_SEARCH_PATHS = (
					"$(SDKROOT)/Developer/Library/Frameworks",
					"$(inherited)",
				);
				GCC_PREPROCESSOR_DEFINITIONS = (
					"DEBUG=1",
					"$(inherited)",
				);
				INFOPLIST_FILE = PitchPerfectTests/Info.plist;
				LD_RUNPATH_SEARCH_PATHS = "$(inherited) @executable_path/Frameworks @loader_path/Frameworks";
				PRODUCT_BUNDLE_IDENTIFIER = "com.pratyush.$(PRODUCT_NAME:rfc1034identifier)";
				PRODUCT_NAME = "$(TARGET_NAME)";
				TEST_HOST = "$(BUILT_PRODUCTS_DIR)/PitchPerfect.app/PitchPerfect";
			};
			name = Debug;
		};
		2149877E1B9FB70700FBDF19 /* Release */ = {
			isa = XCBuildConfiguration;
			buildSettings = {
				BUNDLE_LOADER = "$(TEST_HOST)";
				FRAMEWORK_SEARCH_PATHS = (
					"$(SDKROOT)/Developer/Library/Frameworks",
					"$(inherited)",
				);
				INFOPLIST_FILE = PitchPerfectTests/Info.plist;
				LD_RUNPATH_SEARCH_PATHS = "$(inherited) @executable_path/Frameworks @loader_path/Frameworks";
				PRODUCT_BUNDLE_IDENTIFIER = "com.pratyush.$(PRODUCT_NAME:rfc1034identifier)";
				PRODUCT_NAME = "$(TARGET_NAME)";
				TEST_HOST = "$(BUILT_PRODUCTS_DIR)/PitchPerfect.app/PitchPerfect";
			};
			name = Release;
		};
/* End XCBuildConfiguration section */

/* Begin XCConfigurationList section */
		214987551B9FB70700FBDF19 /* Build configuration list for PBXProject "PitchPerfect" */ = {
			isa = XCConfigurationList;
			buildConfigurations = (
				214987771B9FB70700FBDF19 /* Debug */,
				214987781B9FB70700FBDF19 /* Release */,
			);
			defaultConfigurationIsVisible = 0;
			defaultConfigurationName = Release;
		};
		214987791B9FB70700FBDF19 /* Build configuration list for PBXNativeTarget "PitchPerfect" */ = {
			isa = XCConfigurationList;
			buildConfigurations = (
				2149877A1B9FB70700FBDF19 /* Debug */,
				2149877B1B9FB70700FBDF19 /* Release */,
			);
			defaultConfigurationIsVisible = 0;
			defaultConfigurationName = Release;
		};
		2149877C1B9FB70700FBDF19 /* Build configuration list for PBXNativeTarget "PitchPerfectTests" */ = {
			isa = XCConfigurationList;
			buildConfigurations = (
				2149877D1B9FB70700FBDF19 /* Debug */,
				2149877E1B9FB70700FBDF19 /* Release */,
			);
			defaultConfigurationIsVisible = 0;
			defaultConfigurationName = Release;
		};
/* End XCConfigurationList section */
	};
	rootObject = 214987521B9FB70700FBDF19 /* Project object */;
}
